
Microsoft Visual Studio Solution File, Format Version 12.00
# Visual Studio Version 16
VisualStudioVersion = 16.0.29324.140
MinimumVisualStudioVersion = 10.0.40219.1
Project("{9A19103F-16F7-4668-BE54-9A1E7A4F7556}") = "Basic Classes", "Basic Classes\Basic Classes.csproj", "{2513B6F5-AFEE-40E6-837E-D6AAA139E4B0}"
EndProject
Project("{9A19103F-16F7-4668-BE54-9A1E7A4F7556}") = "AdvancedClasses", "AdvancedClasses\AdvancedClasses.csproj", "{A3412E78-49BC-4485-9E1A-8ED842EFD4EE}"
EndProject
Project("{FAE04EC0-301F-11D3-BF4B-00C04F79EFBC}") = "ConsoleApp1", "ConsoleApp1\ConsoleApp1.csproj", "{642DF53C-6299-4622-8D67-A137BA57431D}"
EndProject
Project("{FAE04EC0-301F-11D3-BF4B-00C04F79EFBC}") = "Generics", "Generics\Generics.csproj", "{25501FC5-F341-4F88-9A60-FFCFB6D8FD94}"
EndProject
Project("{FAE04EC0-301F-11D3-BF4B-00C04F79EFBC}") = "ExtensionMethods", "ExtensionMethods\ExtensionMethods.csproj", "{8C51F02A-A859-4452-8541-1DCB65998C55}"
EndProject
Global
	GlobalSection(SolutionConfigurationPlatforms) = preSolution
		Debug|Any CPU = Debug|Any CPU
		Release|Any CPU = Release|Any CPU
	EndGlobalSection
	GlobalSection(ProjectConfigurationPlatforms) = postSolution
		{2513B6F5-AFEE-40E6-837E-D6AAA139E4B0}.Debug|Any CPU.ActiveCfg = Debug|Any CPU
		{2513B6F5-AFEE-40E6-837E-D6AAA139E4B0}.Debug|Any CPU.Build.0 = Debug|Any CPU
		{2513B6F5-AFEE-40E6-837E-D6AAA139E4B0}.Release|Any CPU.ActiveCfg = Release|Any CPU
		{2513B6F5-AFEE-40E6-837E-D6AAA139E4B0}.Release|Any CPU.Build.0 = Release|Any CPU
		{A3412E78-49BC-4485-9E1A-8ED842EFD4EE}.Debug|Any CPU.ActiveCfg = Debug|Any CPU
		{A3412E78-49BC-4485-9E1A-8ED842EFD4EE}.Debug|Any CPU.Build.0 = Debug|Any CPU
		{A3412E78-49BC-4485-9E1A-8ED842EFD4EE}.Release|Any CPU.ActiveCfg = Release|Any CPU
		{A3412E78-49BC-4485-9E1A-8ED842EFD4EE}.Release|Any CPU.Build.0 = Release|Any CPU
		{642DF53C-6299-4622-8D67-A137BA57431D}.Debug|Any CPU.ActiveCfg = Debug|Any CPU
		{642DF53C-6299-4622-8D67-A137BA57431D}.Debug|Any CPU.Build.0 = Debug|Any CPU
		{642DF53C-6299-4622-8D67-A137BA57431D}.Release|Any CPU.ActiveCfg = Release|Any CPU
		{642DF53C-6299-4622-8D67-A137BA57431D}.Release|Any CPU.Build.0 = Release|Any CPU
		{25501FC5-F341-4F88-9A60-FFCFB6D8FD94}.Debug|Any CPU.ActiveCfg = Debug|Any CPU
		{25501FC5-F341-4F88-9A60-FFCFB6D8FD94}.Debug|Any CPU.Build.0 = Debug|Any CPU
		{25501FC5-F341-4F88-9A60-FFCFB6D8FD94}.Release|Any CPU.ActiveCfg = Release|Any CPU
		{25501FC5-F341-4F88-9A60-FFCFB6D8FD94}.Release|Any CPU.Build.0 = Release|Any CPU
		{8C51F02A-A859-4452-8541-1DCB65998C55}.Debug|Any CPU.ActiveCfg = Debug|Any CPU
		{8C51F02A-A859-4452-8541-1DCB65998C55}.Debug|Any CPU.Build.0 = Debug|Any CPU
		{8C51F02A-A859-4452-8541-1DCB65998C55}.Release|Any CPU.ActiveCfg = Release|Any CPU
		{8C51F02A-A859-4452-8541-1DCB65998C55}.Release|Any CPU.Build.0 = Release|Any CPU
	EndGlobalSection
	GlobalSection(SolutionProperties) = preSolution
		HideSolutionNode = FALSE
	EndGlobalSection
	GlobalSection(ExtensibilityGlobals) = postSolution
		SolutionGuid = {8686C9A8-1BAE-4486-8590-E614B2DFEEA3}
	EndGlobalSection
EndGlobal
