
Microsoft Visual Studio Solution File, Format Version 12.00
# Visual Studio Version 16
VisualStudioVersion = 16.0.29324.140
MinimumVisualStudioVersion = 10.0.40219.1
Project("{FAE04EC0-301F-11D3-BF4B-00C04F79EFBC}") = "VariousExamples", "VariousExamples\VariousExamples.csproj", "{BB71F16A-DE38-4D21-BBB0-9F124834BD06}"
EndProject
Global
	GlobalSection(SolutionConfigurationPlatforms) = preSolution
		Debug|Any CPU = Debug|Any CPU
		Release|Any CPU = Release|Any CPU
	EndGlobalSection
	GlobalSection(ProjectConfigurationPlatforms) = postSolution
		{BB71F16A-DE38-4D21-BBB0-9F124834BD06}.Debug|Any CPU.ActiveCfg = Debug|Any CPU
		{BB71F16A-DE38-4D21-BBB0-9F124834BD06}.Debug|Any CPU.Build.0 = Debug|Any CPU
		{BB71F16A-DE38-4D21-BBB0-9F124834BD06}.Release|Any CPU.ActiveCfg = Release|Any CPU
		{BB71F16A-DE38-4D21-BBB0-9F124834BD06}.Release|Any CPU.Build.0 = Release|Any CPU
	EndGlobalSection
	GlobalSection(SolutionProperties) = preSolution
		HideSolutionNode = FALSE
	EndGlobalSection
	GlobalSection(ExtensibilityGlobals) = postSolution
		SolutionGuid = {715C771C-972A-40B9-AC8F-1961D7B8BFE2}
	EndGlobalSection
EndGlobal
